
Microsoft Visual Studio Solution File, Format Version 12.00
# Visual Studio Version 17
VisualStudioVersion = 17.2.32602.215
MinimumVisualStudioVersion = 10.0.40219.1
Project("{9A19103F-16F7-4668-BE54-9A1E7A4F7556}") = "EFS_FileProcessor", "EFS_FileProcessor.csproj", "{36E82771-C996-4B60-8539-9D0ABD441650}"
EndProject
Project("{2150E333-8FDC-42A3-9474-1A3956D46DE8}") = "Solution Items", "Solution Items", "{371055CD-964B-40CA-ADB7-7DBE7FAE1148}"
	ProjectSection(SolutionItems) = preProject
		.editorconfig = .editorconfig
	EndProjectSection
EndProject
Global
	GlobalSection(SolutionConfigurationPlatforms) = preSolution
		Debug|Any CPU = Debug|Any CPU
		Release|Any CPU = Release|Any CPU
	EndGlobalSection
	GlobalSection(ProjectConfigurationPlatforms) = postSolution
		{36E82771-C996-4B60-8539-9D0ABD441650}.Debug|Any CPU.ActiveCfg = Debug|Any CPU
		{36E82771-C996-4B60-8539-9D0ABD441650}.Debug|Any CPU.Build.0 = Debug|Any CPU
		{36E82771-C996-4B60-8539-9D0ABD441650}.Release|Any CPU.ActiveCfg = Release|Any CPU
		{36E82771-C996-4B60-8539-9D0ABD441650}.Release|Any CPU.Build.0 = Release|Any CPU
	EndGlobalSection
	GlobalSection(SolutionProperties) = preSolution
		HideSolutionNode = FALSE
	EndGlobalSection
	GlobalSection(ExtensibilityGlobals) = postSolution
		SolutionGuid = {F5DDE95C-581E-44B8-8465-A175C23A7870}
	EndGlobalSection
EndGlobal
